
Microsoft Visual Studio Solution File, Format Version 12.00
# Visual Studio Version 16
VisualStudioVersion = 16.0.30907.101
MinimumVisualStudioVersion = 10.0.40219.1
Project("{FAE04EC0-301F-11D3-BF4B-00C04F79EFBC}") = "BlazorAppTarea1", "BlazorAppTarea1\BlazorAppTarea1.csproj", "{6072628E-83D0-4123-B117-48BC250EB5CE}"
EndProject
Global
	GlobalSection(SolutionConfigurationPlatforms) = preSolution
		Debug|Any CPU = Debug|Any CPU
		Release|Any CPU = Release|Any CPU
	EndGlobalSection
	GlobalSection(ProjectConfigurationPlatforms) = postSolution
		{6072628E-83D0-4123-B117-48BC250EB5CE}.Debug|Any CPU.ActiveCfg = Debug|Any CPU
		{6072628E-83D0-4123-B117-48BC250EB5CE}.Debug|Any CPU.Build.0 = Debug|Any CPU
		{6072628E-83D0-4123-B117-48BC250EB5CE}.Release|Any CPU.ActiveCfg = Release|Any CPU
		{6072628E-83D0-4123-B117-48BC250EB5CE}.Release|Any CPU.Build.0 = Release|Any CPU
	EndGlobalSection
	GlobalSection(SolutionProperties) = preSolution
		HideSolutionNode = FALSE
	EndGlobalSection
	GlobalSection(ExtensibilityGlobals) = postSolution
		SolutionGuid = {B4FBE7F6-CBB2-4C0D-9F85-147DC99B2B07}
	EndGlobalSection
EndGlobal
